
Microsoft Visual Studio Solution File, Format Version 12.00
# Visual Studio Version 17
VisualStudioVersion = 17.9.34414.90
MinimumVisualStudioVersion = 10.0.40219.1
Project("{9A19103F-16F7-4668-BE54-9A1E7A4F7556}") = "24", "24.csproj", "{B69353D9-B2EB-43C8-88AB-AC26AED525D9}"
EndProject
Project("{9A19103F-16F7-4668-BE54-9A1E7A4F7556}") = "Utilities", "..\..\..\utilities\Utilities.csproj", "{3D857E2D-659A-43A5-886E-ADE198704A16}"
EndProject
Global
	GlobalSection(SolutionConfigurationPlatforms) = preSolution
		Debug|Any CPU = Debug|Any CPU
		Debug|x64 = Debug|x64
		Release|Any CPU = Release|Any CPU
		Release|x64 = Release|x64
	EndGlobalSection
	GlobalSection(ProjectConfigurationPlatforms) = postSolution
		{B69353D9-B2EB-43C8-88AB-AC26AED525D9}.Debug|Any CPU.ActiveCfg = Debug|Any CPU
		{B69353D9-B2EB-43C8-88AB-AC26AED525D9}.Debug|Any CPU.Build.0 = Debug|Any CPU
		{B69353D9-B2EB-43C8-88AB-AC26AED525D9}.Debug|x64.ActiveCfg = Debug|x64
		{B69353D9-B2EB-43C8-88AB-AC26AED525D9}.Debug|x64.Build.0 = Debug|x64
		{B69353D9-B2EB-43C8-88AB-AC26AED525D9}.Release|Any CPU.ActiveCfg = Release|Any CPU
		{B69353D9-B2EB-43C8-88AB-AC26AED525D9}.Release|Any CPU.Build.0 = Release|Any CPU
		{B69353D9-B2EB-43C8-88AB-AC26AED525D9}.Release|x64.ActiveCfg = Release|x64
		{B69353D9-B2EB-43C8-88AB-AC26AED525D9}.Release|x64.Build.0 = Release|x64
		{3D857E2D-659A-43A5-886E-ADE198704A16}.Debug|Any CPU.ActiveCfg = Debug|Any CPU
		{3D857E2D-659A-43A5-886E-ADE198704A16}.Debug|Any CPU.Build.0 = Debug|Any CPU
		{3D857E2D-659A-43A5-886E-ADE198704A16}.Debug|x64.ActiveCfg = Debug|Any CPU
		{3D857E2D-659A-43A5-886E-ADE198704A16}.Debug|x64.Build.0 = Debug|Any CPU
		{3D857E2D-659A-43A5-886E-ADE198704A16}.Release|Any CPU.ActiveCfg = Release|Any CPU
		{3D857E2D-659A-43A5-886E-ADE198704A16}.Release|Any CPU.Build.0 = Release|Any CPU
		{3D857E2D-659A-43A5-886E-ADE198704A16}.Release|x64.ActiveCfg = Release|Any CPU
		{3D857E2D-659A-43A5-886E-ADE198704A16}.Release|x64.Build.0 = Release|Any CPU
	EndGlobalSection
	GlobalSection(SolutionProperties) = preSolution
		HideSolutionNode = FALSE
	EndGlobalSection
	GlobalSection(ExtensibilityGlobals) = postSolution
		SolutionGuid = {A756ECBE-9E65-49BF-96B1-D1776CB43176}
	EndGlobalSection
EndGlobal
